// !$*UTF8*$!
{
	archiveVersion = 1;
	classes = {
	};
	objectVersion = 46;
	objects = {

/* Begin PBXBuildFile section */
		5F7006651E8F1CA6006F75B5 /* AppDelegate.swift in Sources */ = {isa = PBXBuildFile; fileRef = 5F7006641E8F1CA6006F75B5 /* AppDelegate.swift */; };
		5F7006671E8F1CA6006F75B5 /* ViewController.swift in Sources */ = {isa = PBXBuildFile; fileRef = 5F7006661E8F1CA6006F75B5 /* ViewController.swift */; };
		5F70066A1E8F1CA6006F75B5 /* Main.storyboard in Resources */ = {isa = PBXBuildFile; fileRef = 5F7006681E8F1CA6006F75B5 /* Main.storyboard */; };
		5F70066C1E8F1CA6006F75B5 /* Assets.xcassets in Resources */ = {isa = PBXBuildFile; fileRef = 5F70066B1E8F1CA6006F75B5 /* Assets.xcassets */; };
		5F70066F1E8F1CA6006F75B5 /* LaunchScreen.storyboard in Resources */ = {isa = PBXBuildFile; fileRef = 5F70066D1E8F1CA6006F75B5 /* LaunchScreen.storyboard */; };
		5F70067A1E8F1CA6006F75B5 /* Tab_Bar_ControllerSBTests.swift in Sources */ = {isa = PBXBuildFile; fileRef = 5F7006791E8F1CA6006F75B5 /* Tab_Bar_ControllerSBTests.swift */; };
		5F7006851E8F1CA6006F75B5 /* Tab_Bar_ControllerSBUITests.swift in Sources */ = {isa = PBXBuildFile; fileRef = 5F7006841E8F1CA6006F75B5 /* Tab_Bar_ControllerSBUITests.swift */; };
/* End PBXBuildFile section */

/* Begin PBXContainerItemProxy section */
		5F7006761E8F1CA6006F75B5 /* PBXContainerItemProxy */ = {
			isa = PBXContainerItemProxy;
			containerPortal = 5F7006591E8F1CA6006F75B5 /* Project object */;
			proxyType = 1;
			remoteGlobalIDString = 5F7006601E8F1CA6006F75B5;
			remoteInfo = "Tab​Bar​ControllerSB";
		};
		5F7006811E8F1CA6006F75B5 /* PBXContainerItemProxy */ = {
			isa = PBXContainerItemProxy;
			containerPortal = 5F7006591E8F1CA6006F75B5 /* Project object */;
			proxyType = 1;
			remoteGlobalIDString = 5F7006601E8F1CA6006F75B5;
			remoteInfo = "Tab​Bar​ControllerSB";
		};
/* End PBXContainerItemProxy section */

/* Begin PBXFileReference section */
		5F7006611E8F1CA6006F75B5 /* Tab​Bar​ControllerSB.app */ = {isa = PBXFileReference; explicitFileType = wrapper.application; includeInIndex = 0; path = "Tab​Bar​ControllerSB.app"; sourceTree = BUILT_PRODUCTS_DIR; };
		5F7006641E8F1CA6006F75B5 /* AppDelegate.swift */ = {isa = PBXFileReference; lastKnownFileType = sourcecode.swift; path = AppDelegate.swift; sourceTree = "<group>"; };
		5F7006661E8F1CA6006F75B5 /* ViewController.swift */ = {isa = PBXFileReference; lastKnownFileType = sourcecode.swift; path = ViewController.swift; sourceTree = "<group>"; };
		5F7006691E8F1CA6006F75B5 /* Base */ = {isa = PBXFileReference; lastKnownFileType = file.storyboard; name = Base; path = Base.lproj/Main.storyboard; sourceTree = "<group>"; };
		5F70066B1E8F1CA6006F75B5 /* Assets.xcassets */ = {isa = PBXFileReference; lastKnownFileType = folder.assetcatalog; path = Assets.xcassets; sourceTree = "<group>"; };
		5F70066E1E8F1CA6006F75B5 /* Base */ = {isa = PBXFileReference; lastKnownFileType = file.storyboard; name = Base; path = Base.lproj/LaunchScreen.storyboard; sourceTree = "<group>"; };
		5F7006701E8F1CA6006F75B5 /* Info.plist */ = {isa = PBXFileReference; lastKnownFileType = text.plist.xml; path = Info.plist; sourceTree = "<group>"; };
		5F7006751E8F1CA6006F75B5 /* Tab​Bar​ControllerSBTests.xctest */ = {isa = PBXFileReference; explicitFileType = wrapper.cfbundle; includeInIndex = 0; path = "Tab​Bar​ControllerSBTests.xctest"; sourceTree = BUILT_PRODUCTS_DIR; };
		5F7006791E8F1CA6006F75B5 /* Tab_Bar_ControllerSBTests.swift */ = {isa = PBXFileReference; lastKnownFileType = sourcecode.swift; path = Tab_Bar_ControllerSBTests.swift; sourceTree = "<group>"; };
		5F70067B1E8F1CA6006F75B5 /* Info.plist */ = {isa = PBXFileReference; lastKnownFileType = text.plist.xml; path = Info.plist; sourceTree = "<group>"; };
		5F7006801E8F1CA6006F75B5 /* Tab​Bar​ControllerSBUITests.xctest */ = {isa = PBXFileReference; explicitFileType = wrapper.cfbundle; includeInIndex = 0; path = "Tab​Bar​ControllerSBUITests.xctest"; sourceTree = BUILT_PRODUCTS_DIR; };
		5F7006841E8F1CA6006F75B5 /* Tab_Bar_ControllerSBUITests.swift */ = {isa = PBXFileReference; lastKnownFileType = sourcecode.swift; path = Tab_Bar_ControllerSBUITests.swift; sourceTree = "<group>"; };
		5F7006861E8F1CA6006F75B5 /* Info.plist */ = {isa = PBXFileReference; lastKnownFileType = text.plist.xml; path = Info.plist; sourceTree = "<group>"; };
/* End PBXFileReference section */

/* Begin PBXFrameworksBuildPhase section */
		5F70065E1E8F1CA6006F75B5 /* Frameworks */ = {
			isa = PBXFrameworksBuildPhase;
			buildActionMask = 2147483647;
			files = (
			);
			runOnlyForDeploymentPostprocessing = 0;
		};
		5F7006721E8F1CA6006F75B5 /* Frameworks */ = {
			isa = PBXFrameworksBuildPhase;
			buildActionMask = 2147483647;
			files = (
			);
			runOnlyForDeploymentPostprocessing = 0;
		};
		5F70067D1E8F1CA6006F75B5 /* Frameworks */ = {
			isa = PBXFrameworksBuildPhase;
			buildActionMask = 2147483647;
			files = (
			);
			runOnlyForDeploymentPostprocessing = 0;
		};
/* End PBXFrameworksBuildPhase section */

/* Begin PBXGroup section */
		5F7006581E8F1CA6006F75B5 = {
			isa = PBXGroup;
			children = (
				5F7006631E8F1CA6006F75B5 /* Tab​Bar​ControllerSB */,
				5F7006781E8F1CA6006F75B5 /* Tab​Bar​ControllerSBTests */,
				5F7006831E8F1CA6006F75B5 /* Tab​Bar​ControllerSBUITests */,
				5F7006621E8F1CA6006F75B5 /* Products */,
			);
			sourceTree = "<group>";
		};
		5F7006621E8F1CA6006F75B5 /* Products */ = {
			isa = PBXGroup;
			children = (
				5F7006611E8F1CA6006F75B5 /* Tab​Bar​ControllerSB.app */,
				5F7006751E8F1CA6006F75B5 /* Tab​Bar​ControllerSBTests.xctest */,
				5F7006801E8F1CA6006F75B5 /* Tab​Bar​ControllerSBUITests.xctest */,
			);
			name = Products;
			sourceTree = "<group>";
		};
		5F7006631E8F1CA6006F75B5 /* Tab​Bar​ControllerSB */ = {
			isa = PBXGroup;
			children = (
				5F7006641E8F1CA6006F75B5 /* AppDelegate.swift */,
				5F7006661E8F1CA6006F75B5 /* ViewController.swift */,
				5F7006681E8F1CA6006F75B5 /* Main.storyboard */,
				5F70066B1E8F1CA6006F75B5 /* Assets.xcassets */,
				5F70066D1E8F1CA6006F75B5 /* LaunchScreen.storyboard */,
				5F7006701E8F1CA6006F75B5 /* Info.plist */,
			);
			path = "Tab​Bar​ControllerSB";
			sourceTree = "<group>";
		};
		5F7006781E8F1CA6006F75B5 /* Tab​Bar​ControllerSBTests */ = {
			isa = PBXGroup;
			children = (
				5F7006791E8F1CA6006F75B5 /* Tab_Bar_ControllerSBTests.swift */,
				5F70067B1E8F1CA6006F75B5 /* Info.plist */,
			);
			path = "Tab​Bar​ControllerSBTests";
			sourceTree = "<group>";
		};
		5F7006831E8F1CA6006F75B5 /* Tab​Bar​ControllerSBUITests */ = {
			isa = PBXGroup;
			children = (
				5F7006841E8F1CA6006F75B5 /* Tab_Bar_ControllerSBUITests.swift */,
				5F7006861E8F1CA6006F75B5 /* Info.plist */,
			);
			path = "Tab​Bar​ControllerSBUITests";
			sourceTree = "<group>";
		};
/* End PBXGroup section */

/* Begin PBXNativeTarget section */
		5F7006601E8F1CA6006F75B5 /* Tab​Bar​ControllerSB */ = {
			isa = PBXNativeTarget;
			buildConfigurationList = 5F7006891E8F1CA6006F75B5 /* Build configuration list for PBXNativeTarget "Tab​Bar​ControllerSB" */;
			buildPhases = (
				5F70065D1E8F1CA6006F75B5 /* Sources */,
				5F70065E1E8F1CA6006F75B5 /* Frameworks */,
				5F70065F1E8F1CA6006F75B5 /* Resources */,
			);
			buildRules = (
			);
			dependencies = (
			);
			name = "Tab​Bar​ControllerSB";
			productName = "Tab​Bar​ControllerSB";
			productReference = 5F7006611E8F1CA6006F75B5 /* Tab​Bar​ControllerSB.app */;
			productType = "com.apple.product-type.application";
		};
		5F7006741E8F1CA6006F75B5 /* Tab​Bar​ControllerSBTests */ = {
			isa = PBXNativeTarget;
			buildConfigurationList = 5F70068C1E8F1CA6006F75B5 /* Build configuration list for PBXNativeTarget "Tab​Bar​ControllerSBTests" */;
			buildPhases = (
				5F7006711E8F1CA6006F75B5 /* Sources */,
				5F7006721E8F1CA6006F75B5 /* Frameworks */,
				5F7006731E8F1CA6006F75B5 /* Resources */,
			);
			buildRules = (
			);
			dependencies = (
				5F7006771E8F1CA6006F75B5 /* PBXTargetDependency */,
			);
			name = "Tab​Bar​ControllerSBTests";
			productName = "Tab​Bar​ControllerSBTests";
			productReference = 5F7006751E8F1CA6006F75B5 /* Tab​Bar​ControllerSBTests.xctest */;
			productType = "com.apple.product-type.bundle.unit-test";
		};
		5F70067F1E8F1CA6006F75B5 /* Tab​Bar​ControllerSBUITests */ = {
			isa = PBXNativeTarget;
			buildConfigurationList = 5F70068F1E8F1CA6006F75B5 /* Build configuration list for PBXNativeTarget "Tab​Bar​ControllerSBUITests" */;
			buildPhases = (
				5F70067C1E8F1CA6006F75B5 /* Sources */,
				5F70067D1E8F1CA6006F75B5 /* Frameworks */,
				5F70067E1E8F1CA6006F75B5 /* Resources */,
			);
			buildRules = (
			);
			dependencies = (
				5F7006821E8F1CA6006F75B5 /* PBXTargetDependency */,
			);
			name = "Tab​Bar​ControllerSBUITests";
			productName = "Tab​Bar​ControllerSBUITests";
			productReference = 5F7006801E8F1CA6006F75B5 /* Tab​Bar​ControllerSBUITests.xctest */;
			productType = "com.apple.product-type.bundle.ui-testing";
		};
/* End PBXNativeTarget section */

/* Begin PBXProject section */
		5F7006591E8F1CA6006F75B5 /* Project object */ = {
			isa = PBXProject;
			attributes = {
				LastSwiftUpdateCheck = 0830;
				LastUpgradeCheck = 0830;
				ORGANIZATIONNAME = "Iggy Mwangi";
				TargetAttributes = {
					5F7006601E8F1CA6006F75B5 = {
						CreatedOnToolsVersion = 8.3;
						DevelopmentTeam = 8X445N7629;
						ProvisioningStyle = Automatic;
					};
					5F7006741E8F1CA6006F75B5 = {
						CreatedOnToolsVersion = 8.3;
						DevelopmentTeam = 8X445N7629;
						ProvisioningStyle = Automatic;
						TestTargetID = 5F7006601E8F1CA6006F75B5;
					};
					5F70067F1E8F1CA6006F75B5 = {
						CreatedOnToolsVersion = 8.3;
						DevelopmentTeam = 8X445N7629;
						ProvisioningStyle = Automatic;
						TestTargetID = 5F7006601E8F1CA6006F75B5;
					};
				};
			};
			buildConfigurationList = 5F70065C1E8F1CA6006F75B5 /* Build configuration list for PBXProject "Tab​Bar​ControllerSB" */;
			compatibilityVersion = "Xcode 3.2";
			developmentRegion = English;
			hasScannedForEncodings = 0;
			knownRegions = (
				en,
				Base,
			);
			mainGroup = 5F7006581E8F1CA6006F75B5;
			productRefGroup = 5F7006621E8F1CA6006F75B5 /* Products */;
			projectDirPath = "";
			projectRoot = "";
			targets = (
				5F7006601E8F1CA6006F75B5 /* Tab​Bar​ControllerSB */,
				5F7006741E8F1CA6006F75B5 /* Tab​Bar​ControllerSBTests */,
				5F70067F1E8F1CA6006F75B5 /* Tab​Bar​ControllerSBUITests */,
			);
		};
/* End PBXProject section */

/* Begin PBXResourcesBuildPhase section */
		5F70065F1E8F1CA6006F75B5 /* Resources */ = {
			isa = PBXResourcesBuildPhase;
			buildActionMask = 2147483647;
			files = (
				5F70066F1E8F1CA6006F75B5 /* LaunchScreen.storyboard in Resources */,
				5F70066C1E8F1CA6006F75B5 /* Assets.xcassets in Resources */,
				5F70066A1E8F1CA6006F75B5 /* Main.storyboard in Resources */,
			);
			runOnlyForDeploymentPostprocessing = 0;
		};
		5F7006731E8F1CA6006F75B5 /* Resources */ = {
			isa = PBXResourcesBuildPhase;
			buildActionMask = 2147483647;
			files = (
			);
			runOnlyForDeploymentPostprocessing = 0;
		};
		5F70067E1E8F1CA6006F75B5 /* Resources */ = {
			isa = PBXResourcesBuildPhase;
			buildActionMask = 2147483647;
			files = (
			);
			runOnlyForDeploymentPostprocessing = 0;
		};
/* End PBXResourcesBuildPhase section */

/* Begin PBXSourcesBuildPhase section */
		5F70065D1E8F1CA6006F75B5 /* Sources */ = {
			isa = PBXSourcesBuildPhase;
			buildActionMask = 2147483647;
			files = (
				5F7006671E8F1CA6006F75B5 /* ViewController.swift in Sources */,
				5F7006651E8F1CA6006F75B5 /* AppDelegate.swift in Sources */,
			);
			runOnlyForDeploymentPostprocessing = 0;
		};
		5F7006711E8F1CA6006F75B5 /* Sources */ = {
			isa = PBXSourcesBuildPhase;
			buildActionMask = 2147483647;
			files = (
				5F70067A1E8F1CA6006F75B5 /* Tab_Bar_ControllerSBTests.swift in Sources */,
			);
			runOnlyForDeploymentPostprocessing = 0;
		};
		5F70067C1E8F1CA6006F75B5 /* Sources */ = {
			isa = PBXSourcesBuildPhase;
			buildActionMask = 2147483647;
			files = (
				5F7006851E8F1CA6006F75B5 /* Tab_Bar_ControllerSBUITests.swift in Sources */,
			);
			runOnlyForDeploymentPostprocessing = 0;
		};
/* End PBXSourcesBuildPhase section */

/* Begin PBXTargetDependency section */
		5F7006771E8F1CA6006F75B5 /* PBXTargetDependency */ = {
			isa = PBXTargetDependency;
			target = 5F7006601E8F1CA6006F75B5 /* Tab​Bar​ControllerSB */;
			targetProxy = 5F7006761E8F1CA6006F75B5 /* PBXContainerItemProxy */;
		};
		5F7006821E8F1CA6006F75B5 /* PBXTargetDependency */ = {
			isa = PBXTargetDependency;
			target = 5F7006601E8F1CA6006F75B5 /* Tab​Bar​ControllerSB */;
			targetProxy = 5F7006811E8F1CA6006F75B5 /* PBXContainerItemProxy */;
		};
/* End PBXTargetDependency section */

/* Begin PBXVariantGroup section */
		5F7006681E8F1CA6006F75B5 /* Main.storyboard */ = {
			isa = PBXVariantGroup;
			children = (
				5F7006691E8F1CA6006F75B5 /* Base */,
			);
			name = Main.storyboard;
			sourceTree = "<group>";
		};
		5F70066D1E8F1CA6006F75B5 /* LaunchScreen.storyboard */ = {
			isa = PBXVariantGroup;
			children = (
				5F70066E1E8F1CA6006F75B5 /* Base */,
			);
			name = LaunchScreen.storyboard;
			sourceTree = "<group>";
		};
/* End PBXVariantGroup section */

/* Begin XCBuildConfiguration section */
		5F7006871E8F1CA6006F75B5 /* Debug */ = {
			isa = XCBuildConfiguration;
			buildSettings = {
				ALWAYS_SEARCH_USER_PATHS = NO;
				CLANG_ANALYZER_NONNULL = YES;
				CLANG_ANALYZER_NUMBER_OBJECT_CONVERSION = YES_AGGRESSIVE;
				CLANG_CXX_LANGUAGE_STANDARD = "gnu++0x";
				CLANG_CXX_LIBRARY = "libc++";
				CLANG_ENABLE_MODULES = YES;
				CLANG_ENABLE_OBJC_ARC = YES;
				CLANG_WARN_BOOL_CONVERSION = YES;
				CLANG_WARN_CONSTANT_CONVERSION = YES;
				CLANG_WARN_DIRECT_OBJC_ISA_USAGE = YES_ERROR;
				CLANG_WARN_DOCUMENTATION_COMMENTS = YES;
				CLANG_WARN_EMPTY_BODY = YES;
				CLANG_WARN_ENUM_CONVERSION = YES;
				CLANG_WARN_INFINITE_RECURSION = YES;
				CLANG_WARN_INT_CONVERSION = YES;
				CLANG_WARN_OBJC_ROOT_CLASS = YES_ERROR;
				CLANG_WARN_SUSPICIOUS_MOVE = YES;
				CLANG_WARN_UNREACHABLE_CODE = YES;
				CLANG_WARN__DUPLICATE_METHOD_MATCH = YES;
				"CODE_SIGN_IDENTITY[sdk=iphoneos*]" = "iPhone Developer";
				COPY_PHASE_STRIP = NO;
				DEBUG_INFORMATION_FORMAT = dwarf;
				ENABLE_STRICT_OBJC_MSGSEND = YES;
				ENABLE_TESTABILITY = YES;
				GCC_C_LANGUAGE_STANDARD = gnu99;
				GCC_DYNAMIC_NO_PIC = NO;
				GCC_NO_COMMON_BLOCKS = YES;
				GCC_OPTIMIZATION_LEVEL = 0;
				GCC_PREPROCESSOR_DEFINITIONS = (
					"DEBUG=1",
					"$(inherited)",
				);
				GCC_WARN_64_TO_32_BIT_CONVERSION = YES;
				GCC_WARN_ABOUT_RETURN_TYPE = YES_ERROR;
				GCC_WARN_UNDECLARED_SELECTOR = YES;
				GCC_WARN_UNINITIALIZED_AUTOS = YES_AGGRESSIVE;
				GCC_WARN_UNUSED_FUNCTION = YES;
				GCC_WARN_UNUSED_VARIABLE = YES;
				IPHONEOS_DEPLOYMENT_TARGET = 10.3;
				MTL_ENABLE_DEBUG_INFO = YES;
				ONLY_ACTIVE_ARCH = YES;
				SDKROOT = iphoneos;
				SWIFT_ACTIVE_COMPILATION_CONDITIONS = DEBUG;
				SWIFT_OPTIMIZATION_LEVEL = "-Onone";
			};
			name = Debug;
		};
		5F7006881E8F1CA6006F75B5 /* Release */ = {
			isa = XCBuildConfiguration;
			buildSettings = {
				ALWAYS_SEARCH_USER_PATHS = NO;
				CLANG_ANALYZER_NONNULL = YES;
				CLANG_ANALYZER_NUMBER_OBJECT_CONVERSION = YES_AGGRESSIVE;
				CLANG_CXX_LANGUAGE_STANDARD = "gnu++0x";
				CLANG_CXX_LIBRARY = "libc++";
				CLANG_ENABLE_MODULES = YES;
				CLANG_ENABLE_OBJC_ARC = YES;
				CLANG_WARN_BOOL_CONVERSION = YES;
				CLANG_WARN_CONSTANT_CONVERSION = YES;
				CLANG_WARN_DIRECT_OBJC_ISA_USAGE = YES_ERROR;
				CLANG_WARN_DOCUMENTATION_COMMENTS = YES;
				CLANG_WARN_EMPTY_BODY = YES;
				CLANG_WARN_ENUM_CONVERSION = YES;
				CLANG_WARN_INFINITE_RECURSION = YES;
				CLANG_WARN_INT_CONVERSION = YES;
				CLANG_WARN_OBJC_ROOT_CLASS = YES_ERROR;
				CLANG_WARN_SUSPICIOUS_MOVE = YES;
				CLANG_WARN_UNREACHABLE_CODE = YES;
				CLANG_WARN__DUPLICATE_METHOD_MATCH = YES;
				"CODE_SIGN_IDENTITY[sdk=iphoneos*]" = "iPhone Developer";
				COPY_PHASE_STRIP = NO;
				DEBUG_INFORMATION_FORMAT = "dwarf-with-dsym";
				ENABLE_NS_ASSERTIONS = NO;
				ENABLE_STRICT_OBJC_MSGSEND = YES;
				GCC_C_LANGUAGE_STANDARD = gnu99;
				GCC_NO_COMMON_BLOCKS = YES;
				GCC_WARN_64_TO_32_BIT_CONVERSION = YES;
				GCC_WARN_ABOUT_RETURN_TYPE = YES_ERROR;
				GCC_WARN_UNDECLARED_SELECTOR = YES;
				GCC_WARN_UNINITIALIZED_AUTOS = YES_AGGRESSIVE;
				GCC_WARN_UNUSED_FUNCTION = YES;
				GCC_WARN_UNUSED_VARIABLE = YES;
				IPHONEOS_DEPLOYMENT_TARGET = 10.3;
				MTL_ENABLE_DEBUG_INFO = NO;
				SDKROOT = iphoneos;
				SWIFT_OPTIMIZATION_LEVEL = "-Owholemodule";
				VALIDATE_PRODUCT = YES;
			};
			name = Release;
		};
		5F70068A1E8F1CA6006F75B5 /* Debug */ = {
			isa = XCBuildConfiguration;
			buildSettings = {
				ASSETCATALOG_COMPILER_APPICON_NAME = AppIcon;
				DEVELOPMENT_TEAM = 8X445N7629;
				INFOPLIST_FILE = "Tab​Bar​ControllerSB/Info.plist";
				LD_RUNPATH_SEARCH_PATHS = "$(inherited) @executable_path/Frameworks";
				PRODUCT_BUNDLE_IDENTIFIER = "net.iggym.Tab-Bar-ControllerSB";
				PRODUCT_NAME = "$(TARGET_NAME)";
				SWIFT_VERSION = 3.0;
			};
			name = Debug;
		};
		5F70068B1E8F1CA6006F75B5 /* Release */ = {
			isa = XCBuildConfiguration;
			buildSettings = {
				ASSETCATALOG_COMPILER_APPICON_NAME = AppIcon;
				DEVELOPMENT_TEAM = 8X445N7629;
				INFOPLIST_FILE = "Tab​Bar​ControllerSB/Info.plist";
				LD_RUNPATH_SEARCH_PATHS = "$(inherited) @executable_path/Frameworks";
				PRODUCT_BUNDLE_IDENTIFIER = "net.iggym.Tab-Bar-ControllerSB";
				PRODUCT_NAME = "$(TARGET_NAME)";
				SWIFT_VERSION = 3.0;
			};
			name = Release;
		};
		5F70068D1E8F1CA6006F75B5 /* Debug */ = {
			isa = XCBuildConfiguration;
			buildSettings = {
				ALWAYS_EMBED_SWIFT_STANDARD_LIBRARIES = YES;
				BUNDLE_LOADER = "$(TEST_HOST)";
				DEVELOPMENT_TEAM = 8X445N7629;
				INFOPLIST_FILE = "Tab​Bar​ControllerSBTests/Info.plist";
				LD_RUNPATH_SEARCH_PATHS = "$(inherited) @executable_path/Frameworks @loader_path/Frameworks";
				PRODUCT_BUNDLE_IDENTIFIER = "net.iggym.Tab-Bar-ControllerSBTests";
				PRODUCT_NAME = "$(TARGET_NAME)";
				SWIFT_VERSION = 3.0;
				TEST_HOST = "$(BUILT_PRODUCTS_DIR)/Tab​Bar​ControllerSB.app/Tab​Bar​ControllerSB";
			};
			name = Debug;
		};
		5F70068E1E8F1CA6006F75B5 /* Release */ = {
			isa = XCBuildConfiguration;
			buildSettings = {
				ALWAYS_EMBED_SWIFT_STANDARD_LIBRARIES = YES;
				BUNDLE_LOADER = "$(TEST_HOST)";
				DEVELOPMENT_TEAM = 8X445N7629;
				INFOPLIST_FILE = "Tab​Bar​ControllerSBTests/Info.plist";
				LD_RUNPATH_SEARCH_PATHS = "$(inherited) @executable_path/Frameworks @loader_path/Frameworks";
				PRODUCT_BUNDLE_IDENTIFIER = "net.iggym.Tab-Bar-ControllerSBTests";
				PRODUCT_NAME = "$(TARGET_NAME)";
				SWIFT_VERSION = 3.0;
				TEST_HOST = "$(BUILT_PRODUCTS_DIR)/Tab​Bar​ControllerSB.app/Tab​Bar​ControllerSB";
			};
			name = Release;
		};
		5F7006901E8F1CA6006F75B5 /* Debug */ = {
			isa = XCBuildConfiguration;
			buildSettings = {
				ALWAYS_EMBED_SWIFT_STANDARD_LIBRARIES = YES;
				DEVELOPMENT_TEAM = 8X445N7629;
				INFOPLIST_FILE = "Tab​Bar​ControllerSBUITests/Info.plist";
				LD_RUNPATH_SEARCH_PATHS = "$(inherited) @executable_path/Frameworks @loader_path/Frameworks";
				PRODUCT_BUNDLE_IDENTIFIER = "net.iggym.Tab-Bar-ControllerSBUITests";
				PRODUCT_NAME = "$(TARGET_NAME)";
				SWIFT_VERSION = 3.0;
				TEST_TARGET_NAME = "Tab​Bar​ControllerSB";
			};
			name = Debug;
		};
		5F7006911E8F1CA6006F75B5 /* Release */ = {
			isa = XCBuildConfiguration;
			buildSettings = {
				ALWAYS_EMBED_SWIFT_STANDARD_LIBRARIES = YES;
				DEVELOPMENT_TEAM = 8X445N7629;
				INFOPLIST_FILE = "Tab​Bar​ControllerSBUITests/Info.plist";
				LD_RUNPATH_SEARCH_PATHS = "$(inherited) @executable_path/Frameworks @loader_path/Frameworks";
				PRODUCT_BUNDLE_IDENTIFIER = "net.iggym.Tab-Bar-ControllerSBUITests";
				PRODUCT_NAME = "$(TARGET_NAME)";
				SWIFT_VERSION = 3.0;
				TEST_TARGET_NAME = "Tab​Bar​ControllerSB";
			};
			name = Release;
		};
/* End XCBuildConfiguration section */

/* Begin XCConfigurationList section */
		5F70065C1E8F1CA6006F75B5 /* Build configuration list for PBXProject "Tab​Bar​ControllerSB" */ = {
			isa = XCConfigurationList;
			buildConfigurations = (
				5F7006871E8F1CA6006F75B5 /* Debug */,
				5F7006881E8F1CA6006F75B5 /* Release */,
			);
			defaultConfigurationIsVisible = 0;
			defaultConfigurationName = Release;
		};
		5F7006891E8F1CA6006F75B5 /* Build configuration list for PBXNativeTarget "Tab​Bar​ControllerSB" */ = {
			isa = XCConfigurationList;
			buildConfigurations = (
				5F70068A1E8F1CA6006F75B5 /* Debug */,
				5F70068B1E8F1CA6006F75B5 /* Release */,
			);
			defaultConfigurationIsVisible = 0;
		};
		5F70068C1E8F1CA6006F75B5 /* Build configuration list for PBXNativeTarget "Tab​Bar​ControllerSBTests" */ = {
			isa = XCConfigurationList;
			buildConfigurations = (
				5F70068D1E8F1CA6006F75B5 /* Debug */,
				5F70068E1E8F1CA6006F75B5 /* Release */,
			);
			defaultConfigurationIsVisible = 0;
		};
		5F70068F1E8F1CA6006F75B5 /* Build configuration list for PBXNativeTarget "Tab​Bar​ControllerSBUITests" */ = {
			isa = XCConfigurationList;
			buildConfigurations = (
				5F7006901E8F1CA6006F75B5 /* Debug */,
				5F7006911E8F1CA6006F75B5 /* Release */,
			);
			defaultConfigurationIsVisible = 0;
		};
/* End XCConfigurationList section */
	};
	rootObject = 5F7006591E8F1CA6006F75B5 /* Project object */;
}
